
Microsoft Visual Studio Solution File, Format Version 12.00
# Visual Studio Version 16
VisualStudioVersion = 16.0.31112.23
MinimumVisualStudioVersion = 10.0.40219.1
Project("{FAE04EC0-301F-11D3-BF4B-00C04F79EFBC}") = "FingerPrintAuth.Android", "FingerPrintAuth.Android\FingerPrintAuth.Android.csproj", "{17F581B7-2510-40EE-8F80-251DBA7A1B49}"
EndProject
Project("{FAE04EC0-301F-11D3-BF4B-00C04F79EFBC}") = "FingerPrintAuth.iOS", "FingerPrintAuth.iOS\FingerPrintAuth.iOS.csproj", "{8924135C-42FC-4DEB-BA71-CD5D3A374C02}"
EndProject
Project("{FAE04EC0-301F-11D3-BF4B-00C04F79EFBC}") = "FingerPrintAuth", "FingerPrintAuth\FingerPrintAuth.csproj", "{08D962CC-4F5B-4847-AB9C-2FEE31FF136F}"
EndProject
Global
	GlobalSection(SolutionConfigurationPlatforms) = preSolution
		Debug|Any CPU = Debug|Any CPU
		Debug|iPhone = Debug|iPhone
		Debug|iPhoneSimulator = Debug|iPhoneSimulator
		Release|Any CPU = Release|Any CPU
		Release|iPhone = Release|iPhone
		Release|iPhoneSimulator = Release|iPhoneSimulator
	EndGlobalSection
	GlobalSection(ProjectConfigurationPlatforms) = postSolution
		{17F581B7-2510-40EE-8F80-251DBA7A1B49}.Debug|Any CPU.ActiveCfg = Debug|Any CPU
		{17F581B7-2510-40EE-8F80-251DBA7A1B49}.Debug|Any CPU.Build.0 = Debug|Any CPU
		{17F581B7-2510-40EE-8F80-251DBA7A1B49}.Debug|Any CPU.Deploy.0 = Debug|Any CPU
		{17F581B7-2510-40EE-8F80-251DBA7A1B49}.Debug|iPhone.ActiveCfg = Debug|Any CPU
		{17F581B7-2510-40EE-8F80-251DBA7A1B49}.Debug|iPhone.Build.0 = Debug|Any CPU
		{17F581B7-2510-40EE-8F80-251DBA7A1B49}.Debug|iPhone.Deploy.0 = Debug|Any CPU
		{17F581B7-2510-40EE-8F80-251DBA7A1B49}.Debug|iPhoneSimulator.ActiveCfg = Debug|Any CPU
		{17F581B7-2510-40EE-8F80-251DBA7A1B49}.Debug|iPhoneSimulator.Build.0 = Debug|Any CPU
		{17F581B7-2510-40EE-8F80-251DBA7A1B49}.Debug|iPhoneSimulator.Deploy.0 = Debug|Any CPU
		{17F581B7-2510-40EE-8F80-251DBA7A1B49}.Release|Any CPU.ActiveCfg = Release|Any CPU
		{17F581B7-2510-40EE-8F80-251DBA7A1B49}.Release|Any CPU.Build.0 = Release|Any CPU
		{17F581B7-2510-40EE-8F80-251DBA7A1B49}.Release|Any CPU.Deploy.0 = Release|Any CPU
		{17F581B7-2510-40EE-8F80-251DBA7A1B49}.Release|iPhone.ActiveCfg = Release|Any CPU
		{17F581B7-2510-40EE-8F80-251DBA7A1B49}.Release|iPhone.Build.0 = Release|Any CPU
		{17F581B7-2510-40EE-8F80-251DBA7A1B49}.Release|iPhone.Deploy.0 = Release|Any CPU
		{17F581B7-2510-40EE-8F80-251DBA7A1B49}.Release|iPhoneSimulator.ActiveCfg = Release|Any CPU
		{17F581B7-2510-40EE-8F80-251DBA7A1B49}.Release|iPhoneSimulator.Build.0 = Release|Any CPU
		{17F581B7-2510-40EE-8F80-251DBA7A1B49}.Release|iPhoneSimulator.Deploy.0 = Release|Any CPU
		{8924135C-42FC-4DEB-BA71-CD5D3A374C02}.Debug|Any CPU.ActiveCfg = Debug|iPhone
		{8924135C-42FC-4DEB-BA71-CD5D3A374C02}.Debug|Any CPU.Build.0 = Debug|iPhone
		{8924135C-42FC-4DEB-BA71-CD5D3A374C02}.Debug|Any CPU.Deploy.0 = Debug|iPhone
		{8924135C-42FC-4DEB-BA71-CD5D3A374C02}.Debug|iPhone.ActiveCfg = Debug|iPhone
		{8924135C-42FC-4DEB-BA71-CD5D3A374C02}.Debug|iPhone.Build.0 = Debug|iPhone
		{8924135C-42FC-4DEB-BA71-CD5D3A374C02}.Debug|iPhone.Deploy.0 = Debug|iPhone
		{8924135C-42FC-4DEB-BA71-CD5D3A374C02}.Debug|iPhoneSimulator.ActiveCfg = Debug|iPhoneSimulator
		{8924135C-42FC-4DEB-BA71-CD5D3A374C02}.Debug|iPhoneSimulator.Build.0 = Debug|iPhoneSimulator
		{8924135C-42FC-4DEB-BA71-CD5D3A374C02}.Debug|iPhoneSimulator.Deploy.0 = Debug|iPhoneSimulator
		{8924135C-42FC-4DEB-BA71-CD5D3A374C02}.Release|Any CPU.ActiveCfg = Release|iPhoneSimulator
		{8924135C-42FC-4DEB-BA71-CD5D3A374C02}.Release|Any CPU.Build.0 = Release|iPhoneSimulator
		{8924135C-42FC-4DEB-BA71-CD5D3A374C02}.Release|Any CPU.Deploy.0 = Release|iPhoneSimulator
		{8924135C-42FC-4DEB-BA71-CD5D3A374C02}.Release|iPhone.ActiveCfg = Release|iPhone
		{8924135C-42FC-4DEB-BA71-CD5D3A374C02}.Release|iPhone.Build.0 = Release|iPhone
		{8924135C-42FC-4DEB-BA71-CD5D3A374C02}.Release|iPhone.Deploy.0 = Release|iPhone
		{8924135C-42FC-4DEB-BA71-CD5D3A374C02}.Release|iPhoneSimulator.ActiveCfg = Release|iPhoneSimulator
		{8924135C-42FC-4DEB-BA71-CD5D3A374C02}.Release|iPhoneSimulator.Build.0 = Release|iPhoneSimulator
		{8924135C-42FC-4DEB-BA71-CD5D3A374C02}.Release|iPhoneSimulator.Deploy.0 = Release|iPhoneSimulator
		{08D962CC-4F5B-4847-AB9C-2FEE31FF136F}.Debug|Any CPU.ActiveCfg = Debug|Any CPU
		{08D962CC-4F5B-4847-AB9C-2FEE31FF136F}.Debug|Any CPU.Build.0 = Debug|Any CPU
		{08D962CC-4F5B-4847-AB9C-2FEE31FF136F}.Debug|Any CPU.Deploy.0 = Debug|Any CPU
		{08D962CC-4F5B-4847-AB9C-2FEE31FF136F}.Debug|iPhone.ActiveCfg = Debug|Any CPU
		{08D962CC-4F5B-4847-AB9C-2FEE31FF136F}.Debug|iPhone.Build.0 = Debug|Any CPU
		{08D962CC-4F5B-4847-AB9C-2FEE31FF136F}.Debug|iPhone.Deploy.0 = Debug|Any CPU
		{08D962CC-4F5B-4847-AB9C-2FEE31FF136F}.Debug|iPhoneSimulator.ActiveCfg = Debug|Any CPU
		{08D962CC-4F5B-4847-AB9C-2FEE31FF136F}.Debug|iPhoneSimulator.Build.0 = Debug|Any CPU
		{08D962CC-4F5B-4847-AB9C-2FEE31FF136F}.Debug|iPhoneSimulator.Deploy.0 = Debug|Any CPU
		{08D962CC-4F5B-4847-AB9C-2FEE31FF136F}.Release|Any CPU.ActiveCfg = Release|Any CPU
		{08D962CC-4F5B-4847-AB9C-2FEE31FF136F}.Release|Any CPU.Build.0 = Release|Any CPU
		{08D962CC-4F5B-4847-AB9C-2FEE31FF136F}.Release|Any CPU.Deploy.0 = Release|Any CPU
		{08D962CC-4F5B-4847-AB9C-2FEE31FF136F}.Release|iPhone.ActiveCfg = Release|Any CPU
		{08D962CC-4F5B-4847-AB9C-2FEE31FF136F}.Release|iPhone.Build.0 = Release|Any CPU
		{08D962CC-4F5B-4847-AB9C-2FEE31FF136F}.Release|iPhone.Deploy.0 = Release|Any CPU
		{08D962CC-4F5B-4847-AB9C-2FEE31FF136F}.Release|iPhoneSimulator.ActiveCfg = Release|Any CPU
		{08D962CC-4F5B-4847-AB9C-2FEE31FF136F}.Release|iPhoneSimulator.Build.0 = Release|Any CPU
		{08D962CC-4F5B-4847-AB9C-2FEE31FF136F}.Release|iPhoneSimulator.Deploy.0 = Release|Any CPU
	EndGlobalSection
	GlobalSection(SolutionProperties) = preSolution
		HideSolutionNode = FALSE
	EndGlobalSection
	GlobalSection(ExtensibilityGlobals) = postSolution
		SolutionGuid = {72EB93A9-3663-42DE-9834-92F526DC6333}
	EndGlobalSection
EndGlobal
